
Microsoft Visual Studio Solution File, Format Version 12.00
# Visual Studio 15
VisualStudioVersion = 15.0.27428.2043
MinimumVisualStudioVersion = 10.0.40219.1
Project("{FAE04EC0-301F-11D3-BF4B-00C04F79EFBC}") = "MYAPP_4", "MYAPP_4\MYAPP_4.csproj", "{48726932-ACF3-491A-B8A6-A088E7BD24D0}"
EndProject
Global
	GlobalSection(SolutionConfigurationPlatforms) = preSolution
		Debug|Any CPU = Debug|Any CPU
		Release|Any CPU = Release|Any CPU
	EndGlobalSection
	GlobalSection(ProjectConfigurationPlatforms) = postSolution
		{48726932-ACF3-491A-B8A6-A088E7BD24D0}.Debug|Any CPU.ActiveCfg = Debug|Any CPU
		{48726932-ACF3-491A-B8A6-A088E7BD24D0}.Debug|Any CPU.Build.0 = Debug|Any CPU
		{48726932-ACF3-491A-B8A6-A088E7BD24D0}.Release|Any CPU.ActiveCfg = Release|Any CPU
		{48726932-ACF3-491A-B8A6-A088E7BD24D0}.Release|Any CPU.Build.0 = Release|Any CPU
	EndGlobalSection
	GlobalSection(SolutionProperties) = preSolution
		HideSolutionNode = FALSE
	EndGlobalSection
	GlobalSection(ExtensibilityGlobals) = postSolution
		SolutionGuid = {5DB993AC-2E6A-4E0E-9424-BBC6B43AC74D}
	EndGlobalSection
EndGlobal
